PODS:
  - Flurry-iOS-SDK/FlurryAds (9.0.0):
    - Flurry-iOS-SDK/FlurrySDK (~> 9.0.0)
  - Flurry-iOS-SDK/FlurrySDK (9.0.0)
  - RMPZoomTransitionAnimator (1.0.3)
  - SDWebImage (4.4.2):
    - SDWebImage/Core (= 4.4.2)
  - SDWebImage/Core (4.4.2)
  - SSFadingScrollView (1.1.0)
  - TTTAttributedLabel (2.0.0)

DEPENDENCIES:
  - Flurry-iOS-SDK/FlurryAds
  - Flurry-iOS-SDK/FlurrySDK
  - RMPZoomTransitionAnimator
  - SDWebImage (~> 4.0)
  - SSFadingScrollView (~> 1.1)
  - TTTAttributedLabel

SPEC REPOS:
  https://github.com/cocoapods/specs.git:
    - Flurry-iOS-SDK
    - RMPZoomTransitionAnimator
    - SDWebImage
    - SSFadingScrollView
    - TTTAttributedLabel

SPEC CHECKSUMS:
  Flurry-iOS-SDK: 58e48e417fee667154e4d240040b270b3734d28a
  RMPZoomTransitionAnimator: 33ded739d91052810c05c8e553663cc9ec79275b
  SDWebImage: 624d6e296c69b244bcede364c72ae0430ac14681
  SSFadingScrollView: ac908f565594b1faa748d2d55973f2dde919f754
  TTTAttributedLabel: 8cffe8e127e4e82ff3af1e5386d4cd0ad000b656

PODFILE CHECKSUM: 7b84ee32a4f1017493099880f8b50761437968db

COCOAPODS: 1.5.3
